
Microsoft Visual Studio Solution File, Format Version 12.00
# Visual Studio Version 17
VisualStudioVersion = 17.10.34928.147
MinimumVisualStudioVersion = 10.0.40219.1
Project("{9A19103F-16F7-4668-BE54-9A1E7A4F7556}") = "HackathonAPI", "HackathonAPI.csproj", "{E42C485A-9D7D-4F00-AAEA-E64587E360EE}"
EndProject
Global
	GlobalSection(SolutionConfigurationPlatforms) = preSolution
		Debug|Any CPU = Debug|Any CPU
		Release|Any CPU = Release|Any CPU
	EndGlobalSection
	GlobalSection(ProjectConfigurationPlatforms) = postSolution
		{E42C485A-9D7D-4F00-AAEA-E64587E360EE}.Debug|Any CPU.ActiveCfg = Debug|Any CPU
		{E42C485A-9D7D-4F00-AAEA-E64587E360EE}.Debug|Any CPU.Build.0 = Debug|Any CPU
		{E42C485A-9D7D-4F00-AAEA-E64587E360EE}.Release|Any CPU.ActiveCfg = Release|Any CPU
		{E42C485A-9D7D-4F00-AAEA-E64587E360EE}.Release|Any CPU.Build.0 = Release|Any CPU
	EndGlobalSection
	GlobalSection(SolutionProperties) = preSolution
		HideSolutionNode = FALSE
	EndGlobalSection
	GlobalSection(ExtensibilityGlobals) = postSolution
		SolutionGuid = {688CD0FE-5CE2-49ED-AC0B-1AEFF23625E1}
	EndGlobalSection
EndGlobal
